// !$*UTF8*$!
{
	archiveVersion = 1;
	classes = {
	};
	objectVersion = 50;
	objects = {

/* Begin PBXBuildFile section */
		9108FD7F26471CF9003C9F4C /* Ditto_MusicApp.swift in Sources */ = {isa = PBXBuildFile; fileRef = 9108FD6C26471CF8003C9F4C /* Ditto_MusicApp.swift */; };
		9108FD8026471CF9003C9F4C /* Ditto_MusicApp.swift in Sources */ = {isa = PBXBuildFile; fileRef = 9108FD6C26471CF8003C9F4C /* Ditto_MusicApp.swift */; };
		9108FD8126471CF9003C9F4C /* ContentView.swift in Sources */ = {isa = PBXBuildFile; fileRef = 9108FD6D26471CF8003C9F4C /* ContentView.swift */; };
		9108FD8226471CF9003C9F4C /* ContentView.swift in Sources */ = {isa = PBXBuildFile; fileRef = 9108FD6D26471CF8003C9F4C /* ContentView.swift */; };
		9108FD8326471CF9003C9F4C /* Assets.xcassets in Resources */ = {isa = PBXBuildFile; fileRef = 9108FD6E26471CF9003C9F4C /* Assets.xcassets */; };
		9108FD8426471CF9003C9F4C /* Assets.xcassets in Resources */ = {isa = PBXBuildFile; fileRef = 9108FD6E26471CF9003C9F4C /* Assets.xcassets */; };
/* End PBXBuildFile section */

/* Begin PBXFileReference section */
		9108FD6C26471CF8003C9F4C /* Ditto_MusicApp.swift */ = {isa = PBXFileReference; lastKnownFileType = sourcecode.swift; path = Ditto_MusicApp.swift; sourceTree = "<group>"; };
		9108FD6D26471CF8003C9F4C /* ContentView.swift */ = {isa = PBXFileReference; lastKnownFileType = sourcecode.swift; path = ContentView.swift; sourceTree = "<group>"; };
		9108FD6E26471CF9003C9F4C /* Assets.xcassets */ = {isa = PBXFileReference; lastKnownFileType = folder.assetcatalog; path = Assets.xcassets; sourceTree = "<group>"; };
		9108FD7326471CF9003C9F4C /* Ditto Music.app */ = {isa = PBXFileReference; explicitFileType = wrapper.application; includeInIndex = 0; path = "Ditto Music.app"; sourceTree = BUILT_PRODUCTS_DIR; };
		9108FD7626471CF9003C9F4C /* Info.plist */ = {isa = PBXFileReference; lastKnownFileType = text.plist.xml; path = Info.plist; sourceTree = "<group>"; };
		9108FD7B26471CF9003C9F4C /* Ditto Music.app */ = {isa = PBXFileReference; explicitFileType = wrapper.application; includeInIndex = 0; path = "Ditto Music.app"; sourceTree = BUILT_PRODUCTS_DIR; };
		9108FD7D26471CF9003C9F4C /* Info.plist */ = {isa = PBXFileReference; lastKnownFileType = text.plist.xml; path = Info.plist; sourceTree = "<group>"; };
		9108FD7E26471CF9003C9F4C /* macOS.entitlements */ = {isa = PBXFileReference; lastKnownFileType = text.plist.entitlements; path = macOS.entitlements; sourceTree = "<group>"; };
/* End PBXFileReference section */

/* Begin PBXFrameworksBuildPhase section */
		9108FD7026471CF9003C9F4C /* Frameworks */ = {
			isa = PBXFrameworksBuildPhase;
			buildActionMask = 2147483647;
			files = (
			);
			runOnlyForDeploymentPostprocessing = 0;
		};
		9108FD7826471CF9003C9F4C /* Frameworks */ = {
			isa = PBXFrameworksBuildPhase;
			buildActionMask = 2147483647;
			files = (
			);
			runOnlyForDeploymentPostprocessing = 0;
		};
/* End PBXFrameworksBuildPhase section */

/* Begin PBXGroup section */
		9108FD6626471CF7003C9F4C = {
			isa = PBXGroup;
			children = (
				9108FD6B26471CF7003C9F4C /* Shared */,
				9108FD7526471CF9003C9F4C /* iOS */,
				9108FD7C26471CF9003C9F4C /* macOS */,
				9108FD7426471CF9003C9F4C /* Products */,
			);
			sourceTree = "<group>";
		};
		9108FD6B26471CF7003C9F4C /* Shared */ = {
			isa = PBXGroup;
			children = (
				9108FD6C26471CF8003C9F4C /* Ditto_MusicApp.swift */,
				9108FD6D26471CF8003C9F4C /* ContentView.swift */,
				9108FD6E26471CF9003C9F4C /* Assets.xcassets */,
			);
			path = Shared;
			sourceTree = "<group>";
		};
		9108FD7426471CF9003C9F4C /* Products */ = {
			isa = PBXGroup;
			children = (
				9108FD7326471CF9003C9F4C /* Ditto Music.app */,
				9108FD7B26471CF9003C9F4C /* Ditto Music.app */,
			);
			name = Products;
			sourceTree = "<group>";
		};
		9108FD7526471CF9003C9F4C /* iOS */ = {
			isa = PBXGroup;
			children = (
				9108FD7626471CF9003C9F4C /* Info.plist */,
			);
			path = iOS;
			sourceTree = "<group>";
		};
		9108FD7C26471CF9003C9F4C /* macOS */ = {
			isa = PBXGroup;
			children = (
				9108FD7D26471CF9003C9F4C /* Info.plist */,
				9108FD7E26471CF9003C9F4C /* macOS.entitlements */,
			);
			path = macOS;
			sourceTree = "<group>";
		};
/* End PBXGroup section */

/* Begin PBXNativeTarget section */
		9108FD7226471CF9003C9F4C /* Ditto Music (iOS) */ = {
			isa = PBXNativeTarget;
			buildConfigurationList = 9108FD8726471CF9003C9F4C /* Build configuration list for PBXNativeTarget "Ditto Music (iOS)" */;
			buildPhases = (
				9108FD6F26471CF9003C9F4C /* Sources */,
				9108FD7026471CF9003C9F4C /* Frameworks */,
				9108FD7126471CF9003C9F4C /* Resources */,
			);
			buildRules = (
			);
			dependencies = (
			);
			name = "Ditto Music (iOS)";
			productName = "Ditto Music (iOS)";
			productReference = 9108FD7326471CF9003C9F4C /* Ditto Music.app */;
			productType = "com.apple.product-type.application";
		};
		9108FD7A26471CF9003C9F4C /* Ditto Music (macOS) */ = {
			isa = PBXNativeTarget;
			buildConfigurationList = 9108FD8A26471CF9003C9F4C /* Build configuration list for PBXNativeTarget "Ditto Music (macOS)" */;
			buildPhases = (
				9108FD7726471CF9003C9F4C /* Sources */,
				9108FD7826471CF9003C9F4C /* Frameworks */,
				9108FD7926471CF9003C9F4C /* Resources */,
			);
			buildRules = (
			);
			dependencies = (
			);
			name = "Ditto Music (macOS)";
			productName = "Ditto Music (macOS)";
			productReference = 9108FD7B26471CF9003C9F4C /* Ditto Music.app */;
			productType = "com.apple.product-type.application";
		};
/* End PBXNativeTarget section */

/* Begin PBXProject section */
		9108FD6726471CF7003C9F4C /* Project object */ = {
			isa = PBXProject;
			attributes = {
				LastSwiftUpdateCheck = 1220;
				LastUpgradeCheck = 1220;
				TargetAttributes = {
					9108FD7226471CF9003C9F4C = {
						CreatedOnToolsVersion = 12.2;
					};
					9108FD7A26471CF9003C9F4C = {
						CreatedOnToolsVersion = 12.2;
					};
				};
			};
			buildConfigurationList = 9108FD6A26471CF7003C9F4C /* Build configuration list for PBXProject "Ditto Music" */;
			compatibilityVersion = "Xcode 9.3";
			developmentRegion = en;
			hasScannedForEncodings = 0;
			knownRegions = (
				en,
				Base,
			);
			mainGroup = 9108FD6626471CF7003C9F4C;
			productRefGroup = 9108FD7426471CF9003C9F4C /* Products */;
			projectDirPath = "";
			projectRoot = "";
			targets = (
				9108FD7226471CF9003C9F4C /* Ditto Music (iOS) */,
				9108FD7A26471CF9003C9F4C /* Ditto Music (macOS) */,
			);
		};
/* End PBXProject section */

/* Begin PBXResourcesBuildPhase section */
		9108FD7126471CF9003C9F4C /* Resources */ = {
			isa = PBXResourcesBuildPhase;
			buildActionMask = 2147483647;
			files = (
				9108FD8326471CF9003C9F4C /* Assets.xcassets in Resources */,
			);
			runOnlyForDeploymentPostprocessing = 0;
		};
		9108FD7926471CF9003C9F4C /* Resources */ = {
			isa = PBXResourcesBuildPhase;
			buildActionMask = 2147483647;
			files = (
				9108FD8426471CF9003C9F4C /* Assets.xcassets in Resources */,
			);
			runOnlyForDeploymentPostprocessing = 0;
		};
/* End PBXResourcesBuildPhase section */

/* Begin PBXSourcesBuildPhase section */
		9108FD6F26471CF9003C9F4C /* Sources */ = {
			isa = PBXSourcesBuildPhase;
			buildActionMask = 2147483647;
			files = (
				9108FD8126471CF9003C9F4C /* ContentView.swift in Sources */,
				9108FD7F26471CF9003C9F4C /* Ditto_MusicApp.swift in Sources */,
			);
			runOnlyForDeploymentPostprocessing = 0;
		};
		9108FD7726471CF9003C9F4C /* Sources */ = {
			isa = PBXSourcesBuildPhase;
			buildActionMask = 2147483647;
			files = (
				9108FD8226471CF9003C9F4C /* ContentView.swift in Sources */,
				9108FD8026471CF9003C9F4C /* Ditto_MusicApp.swift in Sources */,
			);
			runOnlyForDeploymentPostprocessing = 0;
		};
/* End PBXSourcesBuildPhase section */

/* Begin XCBuildConfiguration section */
		9108FD8526471CF9003C9F4C /* Debug */ = {
			isa = XCBuildConfiguration;
			buildSettings = {
				ALWAYS_SEARCH_USER_PATHS = NO;
				CLANG_ANALYZER_NONNULL = YES;
				CLANG_ANALYZER_NUMBER_OBJECT_CONVERSION = YES_AGGRESSIVE;
				CLANG_CXX_LANGUAGE_STANDARD = "gnu++14";
				CLANG_CXX_LIBRARY = "libc++";
				CLANG_ENABLE_MODULES = YES;
				CLANG_ENABLE_OBJC_ARC = YES;
				CLANG_ENABLE_OBJC_WEAK = YES;
				CLANG_WARN_BLOCK_CAPTURE_AUTORELEASING = YES;
				CLANG_WARN_BOOL_CONVERSION = YES;
				CLANG_WARN_COMMA = YES;
				CLANG_WARN_CONSTANT_CONVERSION = YES;
				CLANG_WARN_DEPRECATED_OBJC_IMPLEMENTATIONS = YES;
				CLANG_WARN_DIRECT_OBJC_ISA_USAGE = YES_ERROR;
				CLANG_WARN_DOCUMENTATION_COMMENTS = YES;
				CLANG_WARN_EMPTY_BODY = YES;
				CLANG_WARN_ENUM_CONVERSION = YES;
				CLANG_WARN_INFINITE_RECURSION = YES;
				CLANG_WARN_INT_CONVERSION = YES;
				CLANG_WARN_NON_LITERAL_NULL_CONVERSION = YES;
				CLANG_WARN_OBJC_IMPLICIT_RETAIN_SELF = YES;
				CLANG_WARN_OBJC_LITERAL_CONVERSION = YES;
				CLANG_WARN_OBJC_ROOT_CLASS = YES_ERROR;
				CLANG_WARN_QUOTED_INCLUDE_IN_FRAMEWORK_HEADER = YES;
				CLANG_WARN_RANGE_LOOP_ANALYSIS = YES;
				CLANG_WARN_STRICT_PROTOTYPES = YES;
				CLANG_WARN_SUSPICIOUS_MOVE = YES;
				CLANG_WARN_UNGUARDED_AVAILABILITY = YES_AGGRESSIVE;
				CLANG_WARN_UNREACHABLE_CODE = YES;
				CLANG_WARN__DUPLICATE_METHOD_MATCH = YES;
				COPY_PHASE_STRIP = NO;
				DEBUG_INFORMATION_FORMAT = dwarf;
				ENABLE_STRICT_OBJC_MSGSEND = YES;
				ENABLE_TESTABILITY = YES;
				GCC_C_LANGUAGE_STANDARD = gnu11;
				GCC_DYNAMIC_NO_PIC = NO;
				GCC_NO_COMMON_BLOCKS = YES;
				GCC_OPTIMIZATION_LEVEL = 0;
				GCC_PREPROCESSOR_DEFINITIONS = (
					"DEBUG=1",
					"$(inherited)",
				);
				GCC_WARN_64_TO_32_BIT_CONVERSION = YES;
				GCC_WARN_ABOUT_RETURN_TYPE = YES_ERROR;
				GCC_WARN_UNDECLARED_SELECTOR = YES;
				GCC_WARN_UNINITIALIZED_AUTOS = YES_AGGRESSIVE;
				GCC_WARN_UNUSED_FUNCTION = YES;
				GCC_WARN_UNUSED_VARIABLE = YES;
				MTL_ENABLE_DEBUG_INFO = INCLUDE_SOURCE;
				MTL_FAST_MATH = YES;
				ONLY_ACTIVE_ARCH = YES;
				SWIFT_ACTIVE_COMPILATION_CONDITIONS = DEBUG;
				SWIFT_OPTIMIZATION_LEVEL = "-Onone";
			};
			name = Debug;
		};
		9108FD8626471CF9003C9F4C /* Release */ = {
			isa = XCBuildConfiguration;
			buildSettings = {
				ALWAYS_SEARCH_USER_PATHS = NO;
				CLANG_ANALYZER_NONNULL = YES;
				CLANG_ANALYZER_NUMBER_OBJECT_CONVERSION = YES_AGGRESSIVE;
				CLANG_CXX_LANGUAGE_STANDARD = "gnu++14";
				CLANG_CXX_LIBRARY = "libc++";
				CLANG_ENABLE_MODULES = YES;
				CLANG_ENABLE_OBJC_ARC = YES;
				CLANG_ENABLE_OBJC_WEAK = YES;
				CLANG_WARN_BLOCK_CAPTURE_AUTORELEASING = YES;
				CLANG_WARN_BOOL_CONVERSION = YES;
				CLANG_WARN_COMMA = YES;
				CLANG_WARN_CONSTANT_CONVERSION = YES;
				CLANG_WARN_DEPRECATED_OBJC_IMPLEMENTATIONS = YES;
				CLANG_WARN_DIRECT_OBJC_ISA_USAGE = YES_ERROR;
				CLANG_WARN_DOCUMENTATION_COMMENTS = YES;
				CLANG_WARN_EMPTY_BODY = YES;
				CLANG_WARN_ENUM_CONVERSION = YES;
				CLANG_WARN_INFINITE_RECURSION = YES;
				CLANG_WARN_INT_CONVERSION = YES;
				CLANG_WARN_NON_LITERAL_NULL_CONVERSION = YES;
				CLANG_WARN_OBJC_IMPLICIT_RETAIN_SELF = YES;
				CLANG_WARN_OBJC_LITERAL_CONVERSION = YES;
				CLANG_WARN_OBJC_ROOT_CLASS = YES_ERROR;
				CLANG_WARN_QUOTED_INCLUDE_IN_FRAMEWORK_HEADER = YES;
				CLANG_WARN_RANGE_LOOP_ANALYSIS = YES;
				CLANG_WARN_STRICT_PROTOTYPES = YES;
				CLANG_WARN_SUSPICIOUS_MOVE = YES;
				CLANG_WARN_UNGUARDED_AVAILABILITY = YES_AGGRESSIVE;
				CLANG_WARN_UNREACHABLE_CODE = YES;
				CLANG_WARN__DUPLICATE_METHOD_MATCH = YES;
				COPY_PHASE_STRIP = NO;
				DEBUG_INFORMATION_FORMAT = "dwarf-with-dsym";
				ENABLE_NS_ASSERTIONS = NO;
				ENABLE_STRICT_OBJC_MSGSEND = YES;
				GCC_C_LANGUAGE_STANDARD = gnu11;
				GCC_NO_COMMON_BLOCKS = YES;
				GCC_WARN_64_TO_32_BIT_CONVERSION = YES;
				GCC_WARN_ABOUT_RETURN_TYPE = YES_ERROR;
				GCC_WARN_UNDECLARED_SELECTOR = YES;
				GCC_WARN_UNINITIALIZED_AUTOS = YES_AGGRESSIVE;
				GCC_WARN_UNUSED_FUNCTION = YES;
				GCC_WARN_UNUSED_VARIABLE = YES;
				MTL_ENABLE_DEBUG_INFO = NO;
				MTL_FAST_MATH = YES;
				SWIFT_COMPILATION_MODE = wholemodule;
				SWIFT_OPTIMIZATION_LEVEL = "-O";
			};
			name = Release;
		};
		9108FD8826471CF9003C9F4C /* Debug */ = {
			isa = XCBuildConfiguration;
			buildSettings = {
				ASSETCATALOG_COMPILER_APPICON_NAME = AppIcon;
				ASSETCATALOG_COMPILER_GLOBAL_ACCENT_COLOR_NAME = AccentColor;
				CODE_SIGN_STYLE = Automatic;
				DEVELOPMENT_TEAM = 3ATXS3UZKJ;
				ENABLE_PREVIEWS = YES;
				INFOPLIST_FILE = iOS/Info.plist;
				IPHONEOS_DEPLOYMENT_TARGET = 14.0;
				LD_RUNPATH_SEARCH_PATHS = (
					"$(inherited)",
					"@executable_path/Frameworks",
				);
				PRODUCT_BUNDLE_IDENTIFIER = "yufan.chen.Ditto-Music";
				PRODUCT_NAME = "Ditto Music";
				SDKROOT = iphoneos;
				SWIFT_VERSION = 5.0;
				TARGETED_DEVICE_FAMILY = "1,2";
			};
			name = Debug;
		};
		9108FD8926471CF9003C9F4C /* Release */ = {
			isa = XCBuildConfiguration;
			buildSettings = {
				ASSETCATALOG_COMPILER_APPICON_NAME = AppIcon;
				ASSETCATALOG_COMPILER_GLOBAL_ACCENT_COLOR_NAME = AccentColor;
				CODE_SIGN_STYLE = Automatic;
				DEVELOPMENT_TEAM = 3ATXS3UZKJ;
				ENABLE_PREVIEWS = YES;
				INFOPLIST_FILE = iOS/Info.plist;
				IPHONEOS_DEPLOYMENT_TARGET = 14.0;
				LD_RUNPATH_SEARCH_PATHS = (
					"$(inherited)",
					"@executable_path/Frameworks",
				);
				PRODUCT_BUNDLE_IDENTIFIER = "yufan.chen.Ditto-Music";
				PRODUCT_NAME = "Ditto Music";
				SDKROOT = iphoneos;
				SWIFT_VERSION = 5.0;
				TARGETED_DEVICE_FAMILY = "1,2";
				VALIDATE_PRODUCT = YES;
			};
			name = Release;
		};
		9108FD8B26471CF9003C9F4C /* Debug */ = {
			isa = XCBuildConfiguration;
			buildSettings = {
				ASSETCATALOG_COMPILER_APPICON_NAME = AppIcon;
				ASSETCATALOG_COMPILER_GLOBAL_ACCENT_COLOR_NAME = AccentColor;
				CODE_SIGN_ENTITLEMENTS = macOS/macOS.entitlements;
				CODE_SIGN_STYLE = Automatic;
				COMBINE_HIDPI_IMAGES = YES;
				DEVELOPMENT_TEAM = 3ATXS3UZKJ;
				ENABLE_HARDENED_RUNTIME = YES;
				ENABLE_PREVIEWS = YES;
				INFOPLIST_FILE = macOS/Info.plist;
				LD_RUNPATH_SEARCH_PATHS = (
					"$(inherited)",
					"@executable_path/../Frameworks",
				);
				MACOSX_DEPLOYMENT_TARGET = 11.0;
				PRODUCT_BUNDLE_IDENTIFIER = "yufan.chen.Ditto-Music";
				PRODUCT_NAME = "Ditto Music";
				SDKROOT = macosx;
				SWIFT_VERSION = 5.0;
			};
			name = Debug;
		};
		9108FD8C26471CF9003C9F4C /* Release */ = {
			isa = XCBuildConfiguration;
			buildSettings = {
				ASSETCATALOG_COMPILER_APPICON_NAME = AppIcon;
				ASSETCATALOG_COMPILER_GLOBAL_ACCENT_COLOR_NAME = AccentColor;
				CODE_SIGN_ENTITLEMENTS = macOS/macOS.entitlements;
				CODE_SIGN_STYLE = Automatic;
				COMBINE_HIDPI_IMAGES = YES;
				DEVELOPMENT_TEAM = 3ATXS3UZKJ;
				ENABLE_HARDENED_RUNTIME = YES;
				ENABLE_PREVIEWS = YES;
				INFOPLIST_FILE = macOS/Info.plist;
				LD_RUNPATH_SEARCH_PATHS = (
					"$(inherited)",
					"@executable_path/../Frameworks",
				);
				MACOSX_DEPLOYMENT_TARGET = 11.0;
				PRODUCT_BUNDLE_IDENTIFIER = "yufan.chen.Ditto-Music";
				PRODUCT_NAME = "Ditto Music";
				SDKROOT = macosx;
				SWIFT_VERSION = 5.0;
			};
			name = Release;
		};
/* End XCBuildConfiguration section */

/* Begin XCConfigurationList section */
		9108FD6A26471CF7003C9F4C /* Build configuration list for PBXProject "Ditto Music" */ = {
			isa = XCConfigurationList;
			buildConfigurations = (
				9108FD8526471CF9003C9F4C /* Debug */,
				9108FD8626471CF9003C9F4C /* Release */,
			);
			defaultConfigurationIsVisible = 0;
			defaultConfigurationName = Release;
		};
		9108FD8726471CF9003C9F4C /* Build configuration list for PBXNativeTarget "Ditto Music (iOS)" */ = {
			isa = XCConfigurationList;
			buildConfigurations = (
				9108FD8826471CF9003C9F4C /* Debug */,
				9108FD8926471CF9003C9F4C /* Release */,
			);
			defaultConfigurationIsVisible = 0;
			defaultConfigurationName = Release;
		};
		9108FD8A26471CF9003C9F4C /* Build configuration list for PBXNativeTarget "Ditto Music (macOS)" */ = {
			isa = XCConfigurationList;
			buildConfigurations = (
				9108FD8B26471CF9003C9F4C /* Debug */,
				9108FD8C26471CF9003C9F4C /* Release */,
			);
			defaultConfigurationIsVisible = 0;
			defaultConfigurationName = Release;
		};
/* End XCConfigurationList section */
	};
	rootObject = 9108FD6726471CF7003C9F4C /* Project object */;
}
